
Microsoft Visual Studio Solution File, Format Version 12.00
# Visual Studio 14
VisualStudioVersion = 14.0.23107.0
MinimumVisualStudioVersion = 10.0.40219.1
Project("{E24C65DC-7377-472B-9ABA-BC803B73C61A}") = "CentroIppicoCollidoro(1)", ".", "{0B33B51B-6622-453B-A5DC-70E1FBBA909A}"
	ProjectSection(WebsiteProperties) = preProject
		TargetFrameworkMoniker = ".NETFramework,Version%3Dv4.0"
		Debug.AspNetCompiler.VirtualPath = "/localhost_17713"
		Debug.AspNetCompiler.PhysicalPath = "..\CentroIppicoCollidoro\"
		Debug.AspNetCompiler.TargetPath = "PrecompiledWeb\localhost_17713\"
		Debug.AspNetCompiler.Updateable = "true"
		Debug.AspNetCompiler.ForceOverwrite = "true"
		Debug.AspNetCompiler.FixedNames = "false"
		Debug.AspNetCompiler.Debug = "True"
		Release.AspNetCompiler.VirtualPath = "/localhost_17713"
		Release.AspNetCompiler.PhysicalPath = "..\CentroIppicoCollidoro\"
		Release.AspNetCompiler.TargetPath = "PrecompiledWeb\localhost_17713\"
		Release.AspNetCompiler.Updateable = "true"
		Release.AspNetCompiler.ForceOverwrite = "true"
		Release.AspNetCompiler.FixedNames = "false"
		Release.AspNetCompiler.Debug = "False"
		VWDPort = "17713"
		SlnRelativePath = "..\CentroIppicoCollidoro\"
	EndProjectSection
EndProject
Global
	GlobalSection(SolutionConfigurationPlatforms) = preSolution
		Debug|Any CPU = Debug|Any CPU
	EndGlobalSection
	GlobalSection(ProjectConfigurationPlatforms) = postSolution
		{0B33B51B-6622-453B-A5DC-70E1FBBA909A}.Debug|Any CPU.ActiveCfg = Debug|Any CPU
		{0B33B51B-6622-453B-A5DC-70E1FBBA909A}.Debug|Any CPU.Build.0 = Debug|Any CPU
	EndGlobalSection
	GlobalSection(SolutionProperties) = preSolution
		HideSolutionNode = FALSE
	EndGlobalSection
EndGlobal
